# THIS IS AN AUTOGENERATED FILE. DO NOT EDIT THIS FILE DIRECTLY.
# yarn lockfile v1


annon@^0.7.0:
  version "0.7.0"
  resolved "https://registry.yarnpkg.com/annon/-/annon-0.7.0.tgz#9c17f7094b891deead4f28ff7566fc95c6203ca1"
  dependencies:
    babel-runtime "^6.23.0"
    falzy "^0.20.0"
    fnamed "^0.9.0"
    protype "^0.22.0"

ansi-regex@^6.0.1:
  version "6.1.0"
  resolved "https://registry.yarnpkg.com/ansi-regex/-/ansi-regex-6.1.0.tgz#95ec409c69619d6cb1b8b34f14b660ef28ebd654"
  integrity sha512-7HSX4QQb4CspciLpVFwyRe79O3xsIZDDLER21kERQ71oaPodF8jL725AgJMFAYbooIqolJoRLuM81SpeUkpkvA==

ansi-styles@^6.2.1:
  version "6.2.1"
  resolved "https://registry.yarnpkg.com/ansi-styles/-/ansi-styles-6.2.1.tgz#0e62320cf99c21afff3b3012192546aacbfb05c5"
  integrity sha512-bN798gFfQX+viw3R7yrGWRqnrN2oRkEkUjjl4JNn4E8GxxbjtG3FbrEIIY3l8/hrwUwIeCZvi4QuOTP4MErVug==

arid@^0.26.0:
  version "0.26.0"
  resolved "https://registry.yarnpkg.com/arid/-/arid-0.26.0.tgz#18438c15a7f769c21cbc490812f86b9654077409"
  dependencies:
    arkount "^0.8.0"
    babel-runtime "^6.23.0"
    doubt "^0.27.0"

arkount@^0.8.0:
  version "0.8.0"
  resolved "https://registry.yarnpkg.com/arkount/-/arkount-0.8.0.tgz#3bac6e42792aaea86fc65276f44fdb2d848dddbd"
  dependencies:
    babel-runtime "^6.23.0"
    doubt "^0.27.0"
    raze "^0.30.0"
    truly "^0.19.0"
    wichevr "^0.10.0"

asea@^0.14.0:
  version "0.14.0"
  resolved "https://registry.yarnpkg.com/asea/-/asea-0.14.0.tgz#8e1711e64b2a77242a165cc6d24905f9d6e2b0ca"
  dependencies:
    babel-runtime "^6.23.0"
    harden "^0.22.0"

babel-runtime@^6.23.0:
  version "6.23.0"
  resolved "https://registry.yarnpkg.com/babel-runtime/-/babel-runtime-6.23.0.tgz#0a9489f144de70efb3ce4300accdb329e2fc543b"
  dependencies:
    core-js "^2.4.0"
    regenerator-runtime "^0.10.0"

cald@^0.2.0:
  version "0.2.0"
  resolved "https://registry.yarnpkg.com/cald/-/cald-0.2.0.tgz#442b02c94dcca1b6d01597bec0134ca38b8b3d24"
  dependencies:
    babel-runtime "^6.23.0"
    protype "^0.22.0"
    shft "^0.2.0"
    wichevr "^0.10.0"
    zelf "^0.12.0"

cemento@^0.16.0:
  version "0.16.0"
  resolved "https://registry.yarnpkg.com/cemento/-/cemento-0.16.0.tgz#f01b603b50437b182fba2478c7882d13019e3638"
  dependencies:
    babel-runtime "^6.23.0"
    harden "^0.22.0"
    kount "^0.11.0"

circular-json@^0.3.1:
  version "0.3.1"
  resolved "https://registry.yarnpkg.com/circular-json/-/circular-json-0.3.1.tgz#be8b36aefccde8b3ca7aa2d6afc07a37242c0d2d"

clazof@^0.30.0:
  version "0.30.0"
  resolved "https://registry.yarnpkg.com/clazof/-/clazof-0.30.0.tgz#c784607033ba94a9a1655ef12193c7a3415853af"
  dependencies:
    babel-runtime "^6.23.0"
    falzy "^0.20.0"
    fname "^0.9.0"
    portel "^0.4.0"
    protype "^0.22.0"
    raze "^0.30.0"
    stringe "^0.4.0"
    wauker "^0.16.0"

cliui@^9.0.1:
  version "9.0.1"
  resolved "https://registry.yarnpkg.com/cliui/-/cliui-9.0.1.tgz#6f7890f386f6f1f79953adc1f78dec46fcc2d291"
  integrity sha512-k7ndgKhwoQveBL+/1tqGJYNz097I7WOvwbmmU2AR5+magtbjPWQTS1C5vzGkBC8Ym8UWRzfKUzUUqFLypY4Q+w==
  dependencies:
    string-width "^7.2.0"
    strip-ansi "^7.1.0"
    wrap-ansi "^9.0.0"

cobralize@^0.15.0:
  version "0.15.0"
  resolved "https://registry.yarnpkg.com/cobralize/-/cobralize-0.15.0.tgz#bfa8874269a30e5ad8154d2f42e3fbf17c76c526"
  dependencies:
    babel-runtime "^6.23.0"
    disdo "^0.15.0"
    falzy "^0.20.0"
    protype "^0.22.0"

condev@^0.15.0:
  version "0.15.0"
  resolved "https://registry.yarnpkg.com/condev/-/condev-0.15.0.tgz#56630819231d90df5fcedd5ef43b9122db8d0767"
  dependencies:
    annon "^0.7.0"
    babel-runtime "^6.23.0"
    cald "^0.2.0"
    clazof "^0.30.0"
    doubt "^0.27.0"
    enyof "^0.9.0"
    eqe "^0.3.0"
    falzy "^0.20.0"
    fnamed "^0.9.0"
    protype "^0.22.0"
    raze "^0.30.0"
    truly "^0.19.0"

core-js@^2.4.0:
  version "2.4.1"
  resolved "https://registry.yarnpkg.com/core-js/-/core-js-2.4.1.tgz#4de911e667b0eae9124e34254b53aea6fc618d3e"

decrease@^0.24.0:
  version "0.24.0"
  resolved "https://registry.yarnpkg.com/decrease/-/decrease-0.24.0.tgz#510a5c043dd572e39677babb278eb0054d82f3c7"
  dependencies:
    babel-runtime "^6.23.0"
    doubt "^0.27.0"
    falzy "^0.20.0"
    protype "^0.22.0"
    raze "^0.30.0"
    truly "^0.19.0"

dephall@^0.33.0:
  version "0.33.0"
  resolved "https://registry.yarnpkg.com/dephall/-/dephall-0.33.0.tgz#1c89f3484f6bb19300bae163fd1baefa33708d62"
  dependencies:
    arid "^0.26.0"
    babel-runtime "^6.23.0"
    doubt "^0.27.0"
    pyck "^0.34.0"
    raze "^0.30.0"
    truly "^0.19.0"
    zelf "^0.12.0"

depher@^0.34.0:
  version "0.34.0"
  resolved "https://registry.yarnpkg.com/depher/-/depher-0.34.0.tgz#9b4c62010af167dd39c841510f65f56b27687608"
  dependencies:
    babel-runtime "^6.23.0"
    dephall "^0.33.0"
    doubt "^0.27.0"
    raze "^0.30.0"
    zelf "^0.12.0"

disdo@^0.15.0:
  version "0.15.0"
  resolved "https://registry.yarnpkg.com/disdo/-/disdo-0.15.0.tgz#169a6f490d41e4116328e85382a04d98307a320d"
  dependencies:
    babel-runtime "^6.23.0"
    falzy "^0.20.0"
    protype "^0.22.0"

doubt@^0.27.0:
  version "0.27.0"
  resolved "https://registry.yarnpkg.com/doubt/-/doubt-0.27.0.tgz#e7d33346b8e3438f9258c7b6619a71781169aaf2"
  dependencies:
    babel-runtime "^6.23.0"
    cemento "^0.16.0"
    circular-json "^0.3.1"
    falzy "^0.20.0"
    harden "^0.22.0"
    khount "^0.1.0"
    protype "^0.22.0"
    stringe "^0.4.0"
    truly "^0.19.0"

een@^0.19.0:
  version "0.19.0"
  resolved "https://registry.yarnpkg.com/een/-/een-0.19.0.tgz#58468dbdca1e29e972c5a0f9364342969f87d0d7"
  dependencies:
    babel-runtime "^6.23.0"
    doubt "^0.27.0"
    eqe "^0.3.0"
    protype "^0.22.0"
    raze "^0.30.0"
    truly "^0.19.0"

emoji-regex@^10.3.0:
  version "10.4.0"
  resolved "https://registry.yarnpkg.com/emoji-regex/-/emoji-regex-10.4.0.tgz#03553afea80b3975749cfcb36f776ca268e413d4"
  integrity sha512-EC+0oUMY1Rqm4O6LLrgjtYDvcVYTy7chDnM4Q7030tP4Kwj3u/pR6gP9ygnp2CJMK5Gq+9Q2oqmrFJAz01DXjw==

enyof@^0.9.0:
  version "0.9.0"
  resolved "https://registry.yarnpkg.com/enyof/-/enyof-0.9.0.tgz#b2ea493baa248878047cee07d5f4e047295b25bc"
  dependencies:
    babel-runtime "^6.23.0"
    eqe "^0.3.0"
    plough "^0.26.0"
    shft "^0.2.0"

eqe@^0.3.0:
  version "0.3.0"
  resolved "https://registry.yarnpkg.com/eqe/-/eqe-0.3.0.tgz#13caded901cc5b939e4a2c11292a315dda1eba13"
  dependencies:
    babel-runtime "^6.23.0"
    nafe "^0.3.0"
    protype "^0.22.0"
    stringe "^0.4.0"

escalade@^3.1.1:
  version "3.2.0"
  resolved "https://registry.yarnpkg.com/escalade/-/escalade-3.2.0.tgz#011a3f69856ba189dffa7dc8fcce99d2a87903e5"
  integrity sha512-WUj2qlxaQtO4g6Pq5c29GTcWGDyd8itL8zTlipgECz3JesAiiOKotd8JU6otB3PACgG6xkJUyVhboMS+bje/jA==

falzy@^0.20.0:
  version "0.20.0"
  resolved "https://registry.yarnpkg.com/falzy/-/falzy-0.20.0.tgz#3835232fb4c16702cfefd240e671381a13111de8"
  dependencies:
    babel-runtime "^6.23.0"

fname@^0.9.0:
  version "0.9.0"
  resolved "https://registry.yarnpkg.com/fname/-/fname-0.9.0.tgz#5402ca3883608ebcecfaeafb219087bcc6b5ada1"
  dependencies:
    babel-runtime "^6.23.0"
    falzy "^0.20.0"
    mtch "^0.2.0"
    nmde "^0.1.0"
    protype "^0.22.0"

fnamed@^0.9.0:
  version "0.9.0"
  resolved "https://registry.yarnpkg.com/fnamed/-/fnamed-0.9.0.tgz#62c1b89dd08eb3d67a2793081271161c81dafb27"
  dependencies:
    babel-runtime "^6.23.0"
    falzy "^0.20.0"
    fname "^0.9.0"
    protype "^0.22.0"
    truly "^0.19.0"

get-caller-file@^2.0.5:
  version "2.0.5"
  resolved "https://registry.yarnpkg.com/get-caller-file/-/get-caller-file-2.0.5.tgz#4f94412a82db32f36e3b0b9741f8a97feb031f7e"
  integrity sha512-DyFP3BM/3YHTQOCUL/w0OZHR0lpKeGrxotcHWcqNEdnltqFwXVfhEBQ94eIo34AfQpo0rGki4cyIiftY06h2Fg==

get-east-asian-width@^1.0.0:
  version "1.3.0"
  resolved "https://registry.yarnpkg.com/get-east-asian-width/-/get-east-asian-width-1.3.0.tgz#21b4071ee58ed04ee0db653371b55b4299875389"
  integrity sha512-vpeMIQKxczTD/0s2CdEWHcb0eeJe6TFjxb+J5xgX7hScxqrGuyjmv4c1D4A/gelKfyox0gJJwIHF+fLjeaM8kQ==

harden@^0.22.0:
  version "0.22.0"
  resolved "https://registry.yarnpkg.com/harden/-/harden-0.22.0.tgz#1bcd6cdfd8ce60726009053981b9b37875a2404b"
  dependencies:
    babel-runtime "^6.23.0"

kein@^0.26.0:
  version "0.26.0"
  resolved "https://registry.yarnpkg.com/kein/-/kein-0.26.0.tgz#ff9c20c1a7be4c7c08d992a2943df8131ff435ec"
  dependencies:
    babel-runtime "^6.23.0"
    falzy "^0.20.0"
    fnamed "^0.9.0"
    portel "^0.4.0"
    protype "^0.22.0"
    zelf "^0.12.0"

khount@^0.1.0:
  version "0.1.0"
  resolved "https://registry.yarnpkg.com/khount/-/khount-0.1.0.tgz#c753b769d329f1f2f481cf6d12ed418edceb67b9"
  dependencies:
    babel-runtime "^6.23.0"

kount@^0.11.0:
  version "0.11.0"
  resolved "https://registry.yarnpkg.com/kount/-/kount-0.11.0.tgz#99775ed4a1b096e8ef5547f60d63e59f1d3e5b84"
  dependencies:
    babel-runtime "^6.23.0"

mtch@^0.2.0:
  version "0.2.0"
  resolved "https://registry.yarnpkg.com/mtch/-/mtch-0.2.0.tgz#99f3acfd8bd184080f31ce79f0da7ec4c874ba81"
  dependencies:
    babel-runtime "^6.23.0"
    falzy "^0.20.0"
    protype "^0.22.0"
    raze "^0.30.0"
    stringe "^0.4.0"
    truly "^0.19.0"
    wichevr "^0.10.0"

nafe@^0.3.0:
  version "0.3.0"
  resolved "https://registry.yarnpkg.com/nafe/-/nafe-0.3.0.tgz#a951f6254bd95cb3f3ac7057a9859fffc8672d94"
  dependencies:
    babel-runtime "^6.23.0"
    falzy "^0.20.0"
    protype "^0.22.0"
    stringe "^0.4.0"

nmde@^0.1.0:
  version "0.1.0"
  resolved "https://registry.yarnpkg.com/nmde/-/nmde-0.1.0.tgz#2fbb9eb51e78f2aacfef3114afe951f900492887"
  dependencies:
    babel-runtime "^6.23.0"
    falzy "^0.20.0"
    protype "^0.22.0"
    truly "^0.19.0"

pedon@^0.14.0:
  version "0.14.0"
  resolved "https://registry.yarnpkg.com/pedon/-/pedon-0.14.0.tgz#a0cdb36fd77538ae7280952a29756dfd8907156b"
  dependencies:
    cobralize "^0.15.0"
    harden "^0.22.0"
    protype "^0.22.0"
    shardize "^0.16.0"

plough@^0.26.0:
  version "0.26.0"
  resolved "https://registry.yarnpkg.com/plough/-/plough-0.26.0.tgz#dbd4c3987b7bb49fcbd6561f66a8b299a1bb1537"
  dependencies:
    arid "^0.26.0"
    babel-runtime "^6.23.0"
    decrease "^0.24.0"
    doubt "^0.27.0"
    raze "^0.30.0"

portel@^0.4.0:
  version "0.4.0"
  resolved "https://registry.yarnpkg.com/portel/-/portel-0.4.0.tgz#8b6a0296b752062970c9f2020ec75d1fd1f3df9f"
  dependencies:
    babel-runtime "^6.23.0"
    protype "^0.22.0"

protype@^0.22.0:
  version "0.22.0"
  resolved "https://registry.yarnpkg.com/protype/-/protype-0.22.0.tgz#b4929f8394747e031f92cfd08e9ec6ec8f6b85c1"
  dependencies:
    babel-runtime "^6.23.0"
    cemento "^0.16.0"
    harden "^0.22.0"

pyck@^0.34.0:
  version "0.34.0"
  resolved "https://registry.yarnpkg.com/pyck/-/pyck-0.34.0.tgz#e7c7ed1dac444ddc50707e29c48ab901f72a300e"
  dependencies:
    babel-runtime "^6.23.0"
    condev "^0.15.0"
    raze "^0.30.0"
    zelf "^0.12.0"

raze@^0.30.0:
  version "0.30.0"
  resolved "https://registry.yarnpkg.com/raze/-/raze-0.30.0.tgz#769ee266b0ed45132b9c501b365df0207bf1a45b"
  dependencies:
    babel-runtime "^6.23.0"
    doubt "^0.27.0"

regenerator-runtime@^0.10.0:
  version "0.10.5"
  resolved "https://registry.yarnpkg.com/regenerator-runtime/-/regenerator-runtime-0.10.5.tgz#336c3efc1220adcedda2c9fab67b5a7955a33658"

shardize@^0.16.0:
  version "0.16.0"
  resolved "https://registry.yarnpkg.com/shardize/-/shardize-0.16.0.tgz#9e6e69a38281c698fae9551a4b07f46e53b374d4"
  dependencies:
    babel-runtime "^6.23.0"
    disdo "^0.15.0"
    falzy "^0.20.0"
    protype "^0.22.0"

shft@^0.2.0:
  version "0.2.0"
  resolved "https://registry.yarnpkg.com/shft/-/shft-0.2.0.tgz#f003468bccbd6ad2bba2e2ef3c34cc4c988c1272"
  dependencies:
    arid "^0.26.0"
    babel-runtime "^6.23.0"
    doubt "^0.27.0"
    protype "^0.22.0"
    raze "^0.30.0"

string-width@^7.0.0, string-width@^7.2.0:
  version "7.2.0"
  resolved "https://registry.yarnpkg.com/string-width/-/string-width-7.2.0.tgz#b5bb8e2165ce275d4d43476dd2700ad9091db6dc"
  integrity sha512-tsaTIkKW9b4N+AEj+SVA+WhJzV7/zMhcSu78mLKWSk7cXMOSHsBKFWUs0fWwq8QyK3MgJBQRX6Gbi4kYbdvGkQ==
  dependencies:
    emoji-regex "^10.3.0"
    get-east-asian-width "^1.0.0"
    strip-ansi "^7.1.0"

stringe@^0.4.0:
  version "0.4.0"
  resolved "https://registry.yarnpkg.com/stringe/-/stringe-0.4.0.tgz#15a7562633093f77b5e65903ddf89d6537e48c24"
  dependencies:
    babel-runtime "^6.23.0"

strip-ansi@^7.1.0:
  version "7.1.0"
  resolved "https://registry.yarnpkg.com/strip-ansi/-/strip-ansi-7.1.0.tgz#d5b6568ca689d8561370b0707685d22434faff45"
  integrity sha512-iq6eVVI64nQQTRYq2KtEg2d2uU7LElhTJwsH4YzIHZshxlgZms/wIc4VoDQTlG/IvVIrBKG06CrZnp0qv7hkcQ==
  dependencies:
    ansi-regex "^6.0.1"

truly@^0.19.0:
  version "0.19.0"
  resolved "https://registry.yarnpkg.com/truly/-/truly-0.19.0.tgz#776080d30870549d62dcf258588287f403aa814e"
  dependencies:
    babel-runtime "^6.23.0"

wauker@^0.16.0:
  version "0.16.0"
  resolved "https://registry.yarnpkg.com/wauker/-/wauker-0.16.0.tgz#4ee7395194b7150142d5c2cae9cdef9964e5b9c7"
  dependencies:
    babel-runtime "^6.23.0"
    een "^0.19.0"
    falzy "^0.20.0"
    fname "^0.9.0"
    protype "^0.22.0"

wichevr@^0.10.0:
  version "0.10.0"
  resolved "https://registry.yarnpkg.com/wichevr/-/wichevr-0.10.0.tgz#7fafae8f62f363de4c86ac3dc9e4a5840d635e76"
  dependencies:
    babel-runtime "^6.23.0"
    raze "^0.30.0"
    truly "^0.19.0"

wrap-ansi@^9.0.0:
  version "9.0.0"
  resolved "https://registry.yarnpkg.com/wrap-ansi/-/wrap-ansi-9.0.0.tgz#1a3dc8b70d85eeb8398ddfb1e4a02cd186e58b3e"
  integrity sha512-G8ura3S+3Z2G+mkgNRq8dqaFZAuxfsxpBB8OCTGRTCtp+l/v9nbFNmCUP1BZMts3G1142MsZfn6eeUKrr4PD1Q==
  dependencies:
    ansi-styles "^6.2.1"
    string-width "^7.0.0"
    strip-ansi "^7.1.0"

y18n@^5.0.5:
  version "5.0.8"
  resolved "https://registry.yarnpkg.com/y18n/-/y18n-5.0.8.tgz#7f4934d0f7ca8c56f95314939ddcd2dd91ce1d55"
  integrity sha512-0pfFzegeDWJHJIAmTLRP2DwHjdF5s7jo9tuztdQxAhINCdvS+3nGINqPd00AphqJR/0LhANUS6/+7SCb98YOfA==

yargs-parser@^22.0.0:
  version "22.0.0"
  resolved "https://registry.yarnpkg.com/yargs-parser/-/yargs-parser-22.0.0.tgz#87b82094051b0567717346ecd00fd14804b357c8"
  integrity sha512-rwu/ClNdSMpkSrUb+d6BRsSkLUq1fmfsY6TOpYzTwvwkg1/NRG85KBy3kq++A8LKQwX6lsu+aWad+2khvuXrqw==

yargs@^18.0.0:
  version "18.0.0"
  resolved "https://registry.yarnpkg.com/yargs/-/yargs-18.0.0.tgz#6c84259806273a746b09f579087b68a3c2d25bd1"
  integrity sha512-4UEqdc2RYGHZc7Doyqkrqiln3p9X2DZVxaGbwhn2pi7MrRagKaOcIKe8L3OxYcbhXLgLFUS3zAYuQjKBQgmuNg==
  dependencies:
    cliui "^9.0.1"
    escalade "^3.1.1"
    get-caller-file "^2.0.5"
    string-width "^7.2.0"
    y18n "^5.0.5"
    yargs-parser "^22.0.0"

zelf@^0.12.0:
  version "0.12.0"
  resolved "https://registry.yarnpkg.com/zelf/-/zelf-0.12.0.tgz#39e7cfe074df5710fc156978d1f74c69342102cf"
  dependencies:
    asea "^0.14.0"
    babel-runtime "^6.23.0"
