# THIS IS AN AUTOGENERATED FILE. DO NOT EDIT THIS FILE DIRECTLY.
# yarn lockfile v1


annon@^0.7.0:
  version "0.7.0"
  resolved "https://registry.yarnpkg.com/annon/-/annon-0.7.0.tgz#9c17f7094b891deead4f28ff7566fc95c6203ca1"
  dependencies:
    babel-runtime "^6.23.0"
    falzy "^0.20.0"
    fnamed "^0.9.0"
    protype "^0.22.0"

ansi-regex@^4.1.0:
  version "4.1.1"
  resolved "https://registry.yarnpkg.com/ansi-regex/-/ansi-regex-4.1.1.tgz#164daac87ab2d6f6db3a29875e2d1766582dabed"
  integrity sha512-ILlv4k/3f6vfQ4OoP2AGvirOktlQ98ZEL1k9FaQjxa3L1abBgbuTDAdPOpvbGncC0BTVQrl+OM8xZGK6tWXt7g==

ansi-styles@^3.2.0:
  version "3.2.1"
  resolved "https://registry.yarnpkg.com/ansi-styles/-/ansi-styles-3.2.1.tgz#41fbb20243e50b12be0f04b8dedbf07520ce841d"
  integrity sha512-VT0ZI6kZRdTh8YyJw3SMbYm/u+NqfsAxEpWO0Pf9sq8/e94WxxOpPKx9FR1FlyCtOVDNOQ+8ntlqFxiRc+r5qA==
  dependencies:
    color-convert "^1.9.0"

arid@^0.26.0:
  version "0.26.0"
  resolved "https://registry.yarnpkg.com/arid/-/arid-0.26.0.tgz#18438c15a7f769c21cbc490812f86b9654077409"
  dependencies:
    arkount "^0.8.0"
    babel-runtime "^6.23.0"
    doubt "^0.27.0"

arkount@^0.8.0:
  version "0.8.0"
  resolved "https://registry.yarnpkg.com/arkount/-/arkount-0.8.0.tgz#3bac6e42792aaea86fc65276f44fdb2d848dddbd"
  dependencies:
    babel-runtime "^6.23.0"
    doubt "^0.27.0"
    raze "^0.30.0"
    truly "^0.19.0"
    wichevr "^0.10.0"

asea@^0.14.0:
  version "0.14.0"
  resolved "https://registry.yarnpkg.com/asea/-/asea-0.14.0.tgz#8e1711e64b2a77242a165cc6d24905f9d6e2b0ca"
  dependencies:
    babel-runtime "^6.23.0"
    harden "^0.22.0"

babel-runtime@^6.23.0:
  version "6.23.0"
  resolved "https://registry.yarnpkg.com/babel-runtime/-/babel-runtime-6.23.0.tgz#0a9489f144de70efb3ce4300accdb329e2fc543b"
  dependencies:
    core-js "^2.4.0"
    regenerator-runtime "^0.10.0"

cald@^0.2.0:
  version "0.2.0"
  resolved "https://registry.yarnpkg.com/cald/-/cald-0.2.0.tgz#442b02c94dcca1b6d01597bec0134ca38b8b3d24"
  dependencies:
    babel-runtime "^6.23.0"
    protype "^0.22.0"
    shft "^0.2.0"
    wichevr "^0.10.0"
    zelf "^0.12.0"

camelcase@^5.0.0:
  version "5.3.1"
  resolved "https://registry.yarnpkg.com/camelcase/-/camelcase-5.3.1.tgz#e3c9b31569e106811df242f715725a1f4c494320"
  integrity sha512-L28STB170nwWS63UjtlEOE3dldQApaJXZkOI1uMFfzf3rRuPegHaHesyee+YxQ+W6SvRDQV6UrdOdRiR153wJg==

cemento@^0.16.0:
  version "0.16.0"
  resolved "https://registry.yarnpkg.com/cemento/-/cemento-0.16.0.tgz#f01b603b50437b182fba2478c7882d13019e3638"
  dependencies:
    babel-runtime "^6.23.0"
    harden "^0.22.0"
    kount "^0.11.0"

circular-json@^0.3.1:
  version "0.3.1"
  resolved "https://registry.yarnpkg.com/circular-json/-/circular-json-0.3.1.tgz#be8b36aefccde8b3ca7aa2d6afc07a37242c0d2d"

clazof@^0.30.0:
  version "0.30.0"
  resolved "https://registry.yarnpkg.com/clazof/-/clazof-0.30.0.tgz#c784607033ba94a9a1655ef12193c7a3415853af"
  dependencies:
    babel-runtime "^6.23.0"
    falzy "^0.20.0"
    fname "^0.9.0"
    portel "^0.4.0"
    protype "^0.22.0"
    raze "^0.30.0"
    stringe "^0.4.0"
    wauker "^0.16.0"

cliui@^5.0.0:
  version "5.0.0"
  resolved "https://registry.yarnpkg.com/cliui/-/cliui-5.0.0.tgz#deefcfdb2e800784aa34f46fa08e06851c7bbbc5"
  integrity sha512-PYeGSEmmHM6zvoef2w8TPzlrnNpXIjTipYK780YswmIP9vjxmd6Y2a3CB2Ks6/AU8NHjZugXvo8w3oWM2qnwXA==
  dependencies:
    string-width "^3.1.0"
    strip-ansi "^5.2.0"
    wrap-ansi "^5.1.0"

cobralize@^0.15.0:
  version "0.15.0"
  resolved "https://registry.yarnpkg.com/cobralize/-/cobralize-0.15.0.tgz#bfa8874269a30e5ad8154d2f42e3fbf17c76c526"
  dependencies:
    babel-runtime "^6.23.0"
    disdo "^0.15.0"
    falzy "^0.20.0"
    protype "^0.22.0"

color-convert@^1.9.0:
  version "1.9.3"
  resolved "https://registry.yarnpkg.com/color-convert/-/color-convert-1.9.3.tgz#bb71850690e1f136567de629d2d5471deda4c1e8"
  integrity sha512-QfAUtd+vFdAtFQcC8CCyYt1fYWxSqAiK2cSD6zDB8N3cpsEBAvRxp9zOGg6G/SHHJYAT88/az/IuDGALsNVbGg==
  dependencies:
    color-name "1.1.3"

color-name@1.1.3:
  version "1.1.3"
  resolved "https://registry.yarnpkg.com/color-name/-/color-name-1.1.3.tgz#a7d0558bd89c42f795dd42328f740831ca53bc25"
  integrity sha1-p9BVi9icQveV3UIyj3QIMcpTvCU=

condev@^0.15.0:
  version "0.15.0"
  resolved "https://registry.yarnpkg.com/condev/-/condev-0.15.0.tgz#56630819231d90df5fcedd5ef43b9122db8d0767"
  dependencies:
    annon "^0.7.0"
    babel-runtime "^6.23.0"
    cald "^0.2.0"
    clazof "^0.30.0"
    doubt "^0.27.0"
    enyof "^0.9.0"
    eqe "^0.3.0"
    falzy "^0.20.0"
    fnamed "^0.9.0"
    protype "^0.22.0"
    raze "^0.30.0"
    truly "^0.19.0"

core-js@^2.4.0:
  version "2.4.1"
  resolved "https://registry.yarnpkg.com/core-js/-/core-js-2.4.1.tgz#4de911e667b0eae9124e34254b53aea6fc618d3e"

decamelize@^1.2.0:
  version "1.2.0"
  resolved "https://registry.yarnpkg.com/decamelize/-/decamelize-1.2.0.tgz#f6534d15148269b20352e7bee26f501f9a191290"
  integrity sha1-9lNNFRSCabIDUue+4m9QH5oZEpA=

decrease@^0.24.0:
  version "0.24.0"
  resolved "https://registry.yarnpkg.com/decrease/-/decrease-0.24.0.tgz#510a5c043dd572e39677babb278eb0054d82f3c7"
  dependencies:
    babel-runtime "^6.23.0"
    doubt "^0.27.0"
    falzy "^0.20.0"
    protype "^0.22.0"
    raze "^0.30.0"
    truly "^0.19.0"

dephall@^0.33.0:
  version "0.33.0"
  resolved "https://registry.yarnpkg.com/dephall/-/dephall-0.33.0.tgz#1c89f3484f6bb19300bae163fd1baefa33708d62"
  dependencies:
    arid "^0.26.0"
    babel-runtime "^6.23.0"
    doubt "^0.27.0"
    pyck "^0.34.0"
    raze "^0.30.0"
    truly "^0.19.0"
    zelf "^0.12.0"

depher@^0.34.0:
  version "0.34.0"
  resolved "https://registry.yarnpkg.com/depher/-/depher-0.34.0.tgz#9b4c62010af167dd39c841510f65f56b27687608"
  dependencies:
    babel-runtime "^6.23.0"
    dephall "^0.33.0"
    doubt "^0.27.0"
    raze "^0.30.0"
    zelf "^0.12.0"

disdo@^0.15.0:
  version "0.15.0"
  resolved "https://registry.yarnpkg.com/disdo/-/disdo-0.15.0.tgz#169a6f490d41e4116328e85382a04d98307a320d"
  dependencies:
    babel-runtime "^6.23.0"
    falzy "^0.20.0"
    protype "^0.22.0"

doubt@^0.27.0:
  version "0.27.0"
  resolved "https://registry.yarnpkg.com/doubt/-/doubt-0.27.0.tgz#e7d33346b8e3438f9258c7b6619a71781169aaf2"
  dependencies:
    babel-runtime "^6.23.0"
    cemento "^0.16.0"
    circular-json "^0.3.1"
    falzy "^0.20.0"
    harden "^0.22.0"
    khount "^0.1.0"
    protype "^0.22.0"
    stringe "^0.4.0"
    truly "^0.19.0"

een@^0.19.0:
  version "0.19.0"
  resolved "https://registry.yarnpkg.com/een/-/een-0.19.0.tgz#58468dbdca1e29e972c5a0f9364342969f87d0d7"
  dependencies:
    babel-runtime "^6.23.0"
    doubt "^0.27.0"
    eqe "^0.3.0"
    protype "^0.22.0"
    raze "^0.30.0"
    truly "^0.19.0"

emoji-regex@^7.0.1:
  version "7.0.3"
  resolved "https://registry.yarnpkg.com/emoji-regex/-/emoji-regex-7.0.3.tgz#933a04052860c85e83c122479c4748a8e4c72156"
  integrity sha512-CwBLREIQ7LvYFB0WyRvwhq5N5qPhc6PMjD6bYggFlI5YyDgl+0vxq5VHbMOFqLg7hfWzmu8T5Z1QofhmTIhItA==

enyof@^0.9.0:
  version "0.9.0"
  resolved "https://registry.yarnpkg.com/enyof/-/enyof-0.9.0.tgz#b2ea493baa248878047cee07d5f4e047295b25bc"
  dependencies:
    babel-runtime "^6.23.0"
    eqe "^0.3.0"
    plough "^0.26.0"
    shft "^0.2.0"

eqe@^0.3.0:
  version "0.3.0"
  resolved "https://registry.yarnpkg.com/eqe/-/eqe-0.3.0.tgz#13caded901cc5b939e4a2c11292a315dda1eba13"
  dependencies:
    babel-runtime "^6.23.0"
    nafe "^0.3.0"
    protype "^0.22.0"
    stringe "^0.4.0"

falzy@^0.20.0:
  version "0.20.0"
  resolved "https://registry.yarnpkg.com/falzy/-/falzy-0.20.0.tgz#3835232fb4c16702cfefd240e671381a13111de8"
  dependencies:
    babel-runtime "^6.23.0"

find-up@^3.0.0:
  version "3.0.0"
  resolved "https://registry.yarnpkg.com/find-up/-/find-up-3.0.0.tgz#49169f1d7993430646da61ecc5ae355c21c97b73"
  integrity sha512-1yD6RmLI1XBfxugvORwlck6f75tYL+iR0jqwsOrOxMZyGYqUuDhJ0l4AXdO1iX/FTs9cBAMEk1gWSEx1kSbylg==
  dependencies:
    locate-path "^3.0.0"

fname@^0.9.0:
  version "0.9.0"
  resolved "https://registry.yarnpkg.com/fname/-/fname-0.9.0.tgz#5402ca3883608ebcecfaeafb219087bcc6b5ada1"
  dependencies:
    babel-runtime "^6.23.0"
    falzy "^0.20.0"
    mtch "^0.2.0"
    nmde "^0.1.0"
    protype "^0.22.0"

fnamed@^0.9.0:
  version "0.9.0"
  resolved "https://registry.yarnpkg.com/fnamed/-/fnamed-0.9.0.tgz#62c1b89dd08eb3d67a2793081271161c81dafb27"
  dependencies:
    babel-runtime "^6.23.0"
    falzy "^0.20.0"
    fname "^0.9.0"
    protype "^0.22.0"
    truly "^0.19.0"

get-caller-file@^2.0.1:
  version "2.0.5"
  resolved "https://registry.yarnpkg.com/get-caller-file/-/get-caller-file-2.0.5.tgz#4f94412a82db32f36e3b0b9741f8a97feb031f7e"
  integrity sha512-DyFP3BM/3YHTQOCUL/w0OZHR0lpKeGrxotcHWcqNEdnltqFwXVfhEBQ94eIo34AfQpo0rGki4cyIiftY06h2Fg==

harden@^0.22.0:
  version "0.22.0"
  resolved "https://registry.yarnpkg.com/harden/-/harden-0.22.0.tgz#1bcd6cdfd8ce60726009053981b9b37875a2404b"
  dependencies:
    babel-runtime "^6.23.0"

is-fullwidth-code-point@^2.0.0:
  version "2.0.0"
  resolved "https://registry.yarnpkg.com/is-fullwidth-code-point/-/is-fullwidth-code-point-2.0.0.tgz#a3b30a5c4f199183167aaab93beefae3ddfb654f"

kein@^0.26.0:
  version "0.26.0"
  resolved "https://registry.yarnpkg.com/kein/-/kein-0.26.0.tgz#ff9c20c1a7be4c7c08d992a2943df8131ff435ec"
  dependencies:
    babel-runtime "^6.23.0"
    falzy "^0.20.0"
    fnamed "^0.9.0"
    portel "^0.4.0"
    protype "^0.22.0"
    zelf "^0.12.0"

khount@^0.1.0:
  version "0.1.0"
  resolved "https://registry.yarnpkg.com/khount/-/khount-0.1.0.tgz#c753b769d329f1f2f481cf6d12ed418edceb67b9"
  dependencies:
    babel-runtime "^6.23.0"

kount@^0.11.0:
  version "0.11.0"
  resolved "https://registry.yarnpkg.com/kount/-/kount-0.11.0.tgz#99775ed4a1b096e8ef5547f60d63e59f1d3e5b84"
  dependencies:
    babel-runtime "^6.23.0"

locate-path@^3.0.0:
  version "3.0.0"
  resolved "https://registry.yarnpkg.com/locate-path/-/locate-path-3.0.0.tgz#dbec3b3ab759758071b58fe59fc41871af21400e"
  integrity sha512-7AO748wWnIhNqAuaty2ZWHkQHRSNfPVIsPIfwEOWO22AmaoVrWavlOcMR5nzTLNYvp36X220/maaRsrec1G65A==
  dependencies:
    p-locate "^3.0.0"
    path-exists "^3.0.0"

mtch@^0.2.0:
  version "0.2.0"
  resolved "https://registry.yarnpkg.com/mtch/-/mtch-0.2.0.tgz#99f3acfd8bd184080f31ce79f0da7ec4c874ba81"
  dependencies:
    babel-runtime "^6.23.0"
    falzy "^0.20.0"
    protype "^0.22.0"
    raze "^0.30.0"
    stringe "^0.4.0"
    truly "^0.19.0"
    wichevr "^0.10.0"

nafe@^0.3.0:
  version "0.3.0"
  resolved "https://registry.yarnpkg.com/nafe/-/nafe-0.3.0.tgz#a951f6254bd95cb3f3ac7057a9859fffc8672d94"
  dependencies:
    babel-runtime "^6.23.0"
    falzy "^0.20.0"
    protype "^0.22.0"
    stringe "^0.4.0"

nmde@^0.1.0:
  version "0.1.0"
  resolved "https://registry.yarnpkg.com/nmde/-/nmde-0.1.0.tgz#2fbb9eb51e78f2aacfef3114afe951f900492887"
  dependencies:
    babel-runtime "^6.23.0"
    falzy "^0.20.0"
    protype "^0.22.0"
    truly "^0.19.0"

p-limit@^2.0.0:
  version "2.3.0"
  resolved "https://registry.yarnpkg.com/p-limit/-/p-limit-2.3.0.tgz#3dd33c647a214fdfffd835933eb086da0dc21db1"
  integrity sha512-//88mFWSJx8lxCzwdAABTJL2MyWB12+eIY7MDL2SqLmAkeKU9qxRvWuSyTjm3FUmpBEMuFfckAIqEaVGUDxb6w==
  dependencies:
    p-try "^2.0.0"

p-locate@^3.0.0:
  version "3.0.0"
  resolved "https://registry.yarnpkg.com/p-locate/-/p-locate-3.0.0.tgz#322d69a05c0264b25997d9f40cd8a891ab0064a4"
  integrity sha512-x+12w/To+4GFfgJhBEpiDcLozRJGegY+Ei7/z0tSLkMmxGZNybVMSfWj9aJn8Z5Fc7dBUNJOOVgPv2H7IwulSQ==
  dependencies:
    p-limit "^2.0.0"

p-try@^2.0.0:
  version "2.2.0"
  resolved "https://registry.yarnpkg.com/p-try/-/p-try-2.2.0.tgz#cb2868540e313d61de58fafbe35ce9004d5540e6"
  integrity sha512-R4nPAVTAU0B9D35/Gk3uJf/7XYbQcyohSKdvAxIRSNghFl4e71hVoGnBNQz9cWaXxO2I10KTC+3jMdvvoKw6dQ==

path-exists@^3.0.0:
  version "3.0.0"
  resolved "https://registry.yarnpkg.com/path-exists/-/path-exists-3.0.0.tgz#ce0ebeaa5f78cb18925ea7d810d7b59b010fd515"

pedon@^0.14.0:
  version "0.14.0"
  resolved "https://registry.yarnpkg.com/pedon/-/pedon-0.14.0.tgz#a0cdb36fd77538ae7280952a29756dfd8907156b"
  dependencies:
    cobralize "^0.15.0"
    harden "^0.22.0"
    protype "^0.22.0"
    shardize "^0.16.0"

plough@^0.26.0:
  version "0.26.0"
  resolved "https://registry.yarnpkg.com/plough/-/plough-0.26.0.tgz#dbd4c3987b7bb49fcbd6561f66a8b299a1bb1537"
  dependencies:
    arid "^0.26.0"
    babel-runtime "^6.23.0"
    decrease "^0.24.0"
    doubt "^0.27.0"
    raze "^0.30.0"

portel@^0.4.0:
  version "0.4.0"
  resolved "https://registry.yarnpkg.com/portel/-/portel-0.4.0.tgz#8b6a0296b752062970c9f2020ec75d1fd1f3df9f"
  dependencies:
    babel-runtime "^6.23.0"
    protype "^0.22.0"

protype@^0.22.0:
  version "0.22.0"
  resolved "https://registry.yarnpkg.com/protype/-/protype-0.22.0.tgz#b4929f8394747e031f92cfd08e9ec6ec8f6b85c1"
  dependencies:
    babel-runtime "^6.23.0"
    cemento "^0.16.0"
    harden "^0.22.0"

pyck@^0.34.0:
  version "0.34.0"
  resolved "https://registry.yarnpkg.com/pyck/-/pyck-0.34.0.tgz#e7c7ed1dac444ddc50707e29c48ab901f72a300e"
  dependencies:
    babel-runtime "^6.23.0"
    condev "^0.15.0"
    raze "^0.30.0"
    zelf "^0.12.0"

raze@^0.30.0:
  version "0.30.0"
  resolved "https://registry.yarnpkg.com/raze/-/raze-0.30.0.tgz#769ee266b0ed45132b9c501b365df0207bf1a45b"
  dependencies:
    babel-runtime "^6.23.0"
    doubt "^0.27.0"

regenerator-runtime@^0.10.0:
  version "0.10.5"
  resolved "https://registry.yarnpkg.com/regenerator-runtime/-/regenerator-runtime-0.10.5.tgz#336c3efc1220adcedda2c9fab67b5a7955a33658"

require-directory@^2.1.1:
  version "2.1.1"
  resolved "https://registry.yarnpkg.com/require-directory/-/require-directory-2.1.1.tgz#8c64ad5fd30dab1c976e2344ffe7f792a6a6df42"

require-main-filename@^2.0.0:
  version "2.0.0"
  resolved "https://registry.yarnpkg.com/require-main-filename/-/require-main-filename-2.0.0.tgz#d0b329ecc7cc0f61649f62215be69af54aa8989b"
  integrity sha512-NKN5kMDylKuldxYLSUfrbo5Tuzh4hd+2E8NPPX02mZtn1VuREQToYe/ZdlJy+J3uCpfaiGF05e7B8W0iXbQHmg==

set-blocking@^2.0.0:
  version "2.0.0"
  resolved "https://registry.yarnpkg.com/set-blocking/-/set-blocking-2.0.0.tgz#045f9782d011ae9a6803ddd382b24392b3d890f7"

shardize@^0.16.0:
  version "0.16.0"
  resolved "https://registry.yarnpkg.com/shardize/-/shardize-0.16.0.tgz#9e6e69a38281c698fae9551a4b07f46e53b374d4"
  dependencies:
    babel-runtime "^6.23.0"
    disdo "^0.15.0"
    falzy "^0.20.0"
    protype "^0.22.0"

shft@^0.2.0:
  version "0.2.0"
  resolved "https://registry.yarnpkg.com/shft/-/shft-0.2.0.tgz#f003468bccbd6ad2bba2e2ef3c34cc4c988c1272"
  dependencies:
    arid "^0.26.0"
    babel-runtime "^6.23.0"
    doubt "^0.27.0"
    protype "^0.22.0"
    raze "^0.30.0"

string-width@^3.0.0, string-width@^3.1.0:
  version "3.1.0"
  resolved "https://registry.yarnpkg.com/string-width/-/string-width-3.1.0.tgz#22767be21b62af1081574306f69ac51b62203961"
  integrity sha512-vafcv6KjVZKSgz06oM/H6GDBrAtz8vdhQakGjFIvNrHA6y3HCF1CInLy+QLq8dTJPQ1b+KDUqDFctkdRW44e1w==
  dependencies:
    emoji-regex "^7.0.1"
    is-fullwidth-code-point "^2.0.0"
    strip-ansi "^5.1.0"

stringe@^0.4.0:
  version "0.4.0"
  resolved "https://registry.yarnpkg.com/stringe/-/stringe-0.4.0.tgz#15a7562633093f77b5e65903ddf89d6537e48c24"
  dependencies:
    babel-runtime "^6.23.0"

strip-ansi@^5.0.0, strip-ansi@^5.1.0, strip-ansi@^5.2.0:
  version "5.2.0"
  resolved "https://registry.yarnpkg.com/strip-ansi/-/strip-ansi-5.2.0.tgz#8c9a536feb6afc962bdfa5b104a5091c1ad9c0ae"
  integrity sha512-DuRs1gKbBqsMKIZlrffwlug8MHkcnpjs5VPmL1PAh+mA30U0DTotfDZ0d2UUsXpPmPmMMJ6W773MaA3J+lbiWA==
  dependencies:
    ansi-regex "^4.1.0"

truly@^0.19.0:
  version "0.19.0"
  resolved "https://registry.yarnpkg.com/truly/-/truly-0.19.0.tgz#776080d30870549d62dcf258588287f403aa814e"
  dependencies:
    babel-runtime "^6.23.0"

wauker@^0.16.0:
  version "0.16.0"
  resolved "https://registry.yarnpkg.com/wauker/-/wauker-0.16.0.tgz#4ee7395194b7150142d5c2cae9cdef9964e5b9c7"
  dependencies:
    babel-runtime "^6.23.0"
    een "^0.19.0"
    falzy "^0.20.0"
    fname "^0.9.0"
    protype "^0.22.0"

which-module@^2.0.0:
  version "2.0.0"
  resolved "https://registry.yarnpkg.com/which-module/-/which-module-2.0.0.tgz#d9ef07dce77b9902b8a3a8fa4b31c3e3f7e6e87a"

wichevr@^0.10.0:
  version "0.10.0"
  resolved "https://registry.yarnpkg.com/wichevr/-/wichevr-0.10.0.tgz#7fafae8f62f363de4c86ac3dc9e4a5840d635e76"
  dependencies:
    babel-runtime "^6.23.0"
    raze "^0.30.0"
    truly "^0.19.0"

wrap-ansi@^5.1.0:
  version "5.1.0"
  resolved "https://registry.yarnpkg.com/wrap-ansi/-/wrap-ansi-5.1.0.tgz#1fd1f67235d5b6d0fee781056001bfb694c03b09"
  integrity sha512-QC1/iN/2/RPVJ5jYK8BGttj5z83LmSKmvbvrXPNCLZSEb32KKVDJDl/MOt2N01qU2H/FkzEa9PKto1BqDjtd7Q==
  dependencies:
    ansi-styles "^3.2.0"
    string-width "^3.0.0"
    strip-ansi "^5.0.0"

y18n@^4.0.0:
  version "4.0.3"
  resolved "https://registry.yarnpkg.com/y18n/-/y18n-4.0.3.tgz#b5f259c82cd6e336921efd7bfd8bf560de9eeedf"
  integrity sha512-JKhqTOwSrqNA1NY5lSztJ1GrBiUodLMmIZuLiDaMRJ+itFd+ABVE8XBjOvIWL+rSqNDC74LCSFmlb/U4UZ4hJQ==

yargs-parser@^13.1.2:
  version "13.1.2"
  resolved "https://registry.yarnpkg.com/yargs-parser/-/yargs-parser-13.1.2.tgz#130f09702ebaeef2650d54ce6e3e5706f7a4fb38"
  integrity sha512-3lbsNRf/j+A4QuSZfDRA7HRSfWrzO0YjqTJd5kjAq37Zep1CEgaYmrH9Q3GwPiB9cHyd1Y1UwggGhJGoxipbzg==
  dependencies:
    camelcase "^5.0.0"
    decamelize "^1.2.0"

yargs@^13.2.4:
  version "13.3.2"
  resolved "https://registry.yarnpkg.com/yargs/-/yargs-13.3.2.tgz#ad7ffefec1aa59565ac915f82dccb38a9c31a2dd"
  integrity sha512-AX3Zw5iPruN5ie6xGRIDgqkT+ZhnRlZMLMHAs8tg7nRruy2Nb+i5o9bwghAogtM08q1dpr2LVoS8KSTMYpWXUw==
  dependencies:
    cliui "^5.0.0"
    find-up "^3.0.0"
    get-caller-file "^2.0.1"
    require-directory "^2.1.1"
    require-main-filename "^2.0.0"
    set-blocking "^2.0.0"
    string-width "^3.0.0"
    which-module "^2.0.0"
    y18n "^4.0.0"
    yargs-parser "^13.1.2"

zelf@^0.12.0:
  version "0.12.0"
  resolved "https://registry.yarnpkg.com/zelf/-/zelf-0.12.0.tgz#39e7cfe074df5710fc156978d1f74c69342102cf"
  dependencies:
    asea "^0.14.0"
    babel-runtime "^6.23.0"
