# THIS IS AN AUTOGENERATED FILE. DO NOT EDIT THIS FILE DIRECTLY.
# yarn lockfile v1


annon@^0.7.0:
  version "0.7.0"
  resolved "https://registry.yarnpkg.com/annon/-/annon-0.7.0.tgz#9c17f7094b891deead4f28ff7566fc95c6203ca1"
  dependencies:
    babel-runtime "^6.23.0"
    falzy "^0.20.0"
    fnamed "^0.9.0"
    protype "^0.22.0"

ansi-regex@^5.0.0:
  version "5.0.0"
  resolved "https://registry.yarnpkg.com/ansi-regex/-/ansi-regex-5.0.0.tgz#388539f55179bf39339c81af30a654d69f87cb75"
  integrity sha512-bY6fj56OUQ0hU1KjFNDQuJFezqKdrAyFdIevADiqrWHwSlbmBNMHp5ak2f40Pm8JTFyM2mqxkG6ngkHO11f/lg==

ansi-styles@^4.0.0:
  version "4.3.0"
  resolved "https://registry.yarnpkg.com/ansi-styles/-/ansi-styles-4.3.0.tgz#edd803628ae71c04c85ae7a0906edad34b648937"
  integrity sha512-zbB9rCJAT1rbjiVDb2hqKFHNYLxgtk8NURxZ3IZwD3F6NtxbXZQCnnSi1Lkx+IDohdPlFp222wVALIheZJQSEg==
  dependencies:
    color-convert "^2.0.1"

arid@^0.26.0:
  version "0.26.0"
  resolved "https://registry.yarnpkg.com/arid/-/arid-0.26.0.tgz#18438c15a7f769c21cbc490812f86b9654077409"
  dependencies:
    arkount "^0.8.0"
    babel-runtime "^6.23.0"
    doubt "^0.27.0"

arkount@^0.8.0:
  version "0.8.0"
  resolved "https://registry.yarnpkg.com/arkount/-/arkount-0.8.0.tgz#3bac6e42792aaea86fc65276f44fdb2d848dddbd"
  dependencies:
    babel-runtime "^6.23.0"
    doubt "^0.27.0"
    raze "^0.30.0"
    truly "^0.19.0"
    wichevr "^0.10.0"

asea@^0.14.0:
  version "0.14.0"
  resolved "https://registry.yarnpkg.com/asea/-/asea-0.14.0.tgz#8e1711e64b2a77242a165cc6d24905f9d6e2b0ca"
  dependencies:
    babel-runtime "^6.23.0"
    harden "^0.22.0"

babel-runtime@^6.23.0:
  version "6.23.0"
  resolved "https://registry.yarnpkg.com/babel-runtime/-/babel-runtime-6.23.0.tgz#0a9489f144de70efb3ce4300accdb329e2fc543b"
  dependencies:
    core-js "^2.4.0"
    regenerator-runtime "^0.10.0"

cald@^0.2.0:
  version "0.2.0"
  resolved "https://registry.yarnpkg.com/cald/-/cald-0.2.0.tgz#442b02c94dcca1b6d01597bec0134ca38b8b3d24"
  dependencies:
    babel-runtime "^6.23.0"
    protype "^0.22.0"
    shft "^0.2.0"
    wichevr "^0.10.0"
    zelf "^0.12.0"

cemento@^0.16.0:
  version "0.16.0"
  resolved "https://registry.yarnpkg.com/cemento/-/cemento-0.16.0.tgz#f01b603b50437b182fba2478c7882d13019e3638"
  dependencies:
    babel-runtime "^6.23.0"
    harden "^0.22.0"
    kount "^0.11.0"

circular-json@^0.3.1:
  version "0.3.1"
  resolved "https://registry.yarnpkg.com/circular-json/-/circular-json-0.3.1.tgz#be8b36aefccde8b3ca7aa2d6afc07a37242c0d2d"

clazof@^0.30.0:
  version "0.30.0"
  resolved "https://registry.yarnpkg.com/clazof/-/clazof-0.30.0.tgz#c784607033ba94a9a1655ef12193c7a3415853af"
  dependencies:
    babel-runtime "^6.23.0"
    falzy "^0.20.0"
    fname "^0.9.0"
    portel "^0.4.0"
    protype "^0.22.0"
    raze "^0.30.0"
    stringe "^0.4.0"
    wauker "^0.16.0"

cliui@^7.0.2:
  version "7.0.4"
  resolved "https://registry.yarnpkg.com/cliui/-/cliui-7.0.4.tgz#a0265ee655476fc807aea9df3df8df7783808b4f"
  integrity sha512-OcRE68cOsVMXp1Yvonl/fzkQOyjLSu/8bhPDfQt0e0/Eb283TKP20Fs2MqoPsr9SwA595rRCA+QMzYc9nBP+JQ==
  dependencies:
    string-width "^4.2.0"
    strip-ansi "^6.0.0"
    wrap-ansi "^7.0.0"

cobralize@^0.15.0:
  version "0.15.0"
  resolved "https://registry.yarnpkg.com/cobralize/-/cobralize-0.15.0.tgz#bfa8874269a30e5ad8154d2f42e3fbf17c76c526"
  dependencies:
    babel-runtime "^6.23.0"
    disdo "^0.15.0"
    falzy "^0.20.0"
    protype "^0.22.0"

color-convert@^2.0.1:
  version "2.0.1"
  resolved "https://registry.yarnpkg.com/color-convert/-/color-convert-2.0.1.tgz#72d3a68d598c9bdb3af2ad1e84f21d896abd4de3"
  integrity sha512-RRECPsj7iu/xb5oKYcsFHSppFNnsj/52OVTRKb4zP5onXwVF3zVmmToNcOfGC+CRDpfK/U584fMg38ZHCaElKQ==
  dependencies:
    color-name "~1.1.4"

color-name@~1.1.4:
  version "1.1.4"
  resolved "https://registry.yarnpkg.com/color-name/-/color-name-1.1.4.tgz#c2a09a87acbde69543de6f63fa3995c826c536a2"
  integrity sha512-dOy+3AuW3a2wNbZHIuMZpTcgjGuLU/uBL/ubcZF9OXbDo8ff4O8yVp5Bf0efS8uEoYo5q4Fx7dY9OgQGXgAsQA==

condev@^0.15.0:
  version "0.15.0"
  resolved "https://registry.yarnpkg.com/condev/-/condev-0.15.0.tgz#56630819231d90df5fcedd5ef43b9122db8d0767"
  dependencies:
    annon "^0.7.0"
    babel-runtime "^6.23.0"
    cald "^0.2.0"
    clazof "^0.30.0"
    doubt "^0.27.0"
    enyof "^0.9.0"
    eqe "^0.3.0"
    falzy "^0.20.0"
    fnamed "^0.9.0"
    protype "^0.22.0"
    raze "^0.30.0"
    truly "^0.19.0"

core-js@^2.4.0:
  version "2.4.1"
  resolved "https://registry.yarnpkg.com/core-js/-/core-js-2.4.1.tgz#4de911e667b0eae9124e34254b53aea6fc618d3e"

decrease@^0.24.0:
  version "0.24.0"
  resolved "https://registry.yarnpkg.com/decrease/-/decrease-0.24.0.tgz#510a5c043dd572e39677babb278eb0054d82f3c7"
  dependencies:
    babel-runtime "^6.23.0"
    doubt "^0.27.0"
    falzy "^0.20.0"
    protype "^0.22.0"
    raze "^0.30.0"
    truly "^0.19.0"

dephall@^0.33.0:
  version "0.33.0"
  resolved "https://registry.yarnpkg.com/dephall/-/dephall-0.33.0.tgz#1c89f3484f6bb19300bae163fd1baefa33708d62"
  dependencies:
    arid "^0.26.0"
    babel-runtime "^6.23.0"
    doubt "^0.27.0"
    pyck "^0.34.0"
    raze "^0.30.0"
    truly "^0.19.0"
    zelf "^0.12.0"

depher@^0.34.0:
  version "0.34.0"
  resolved "https://registry.yarnpkg.com/depher/-/depher-0.34.0.tgz#9b4c62010af167dd39c841510f65f56b27687608"
  dependencies:
    babel-runtime "^6.23.0"
    dephall "^0.33.0"
    doubt "^0.27.0"
    raze "^0.30.0"
    zelf "^0.12.0"

disdo@^0.15.0:
  version "0.15.0"
  resolved "https://registry.yarnpkg.com/disdo/-/disdo-0.15.0.tgz#169a6f490d41e4116328e85382a04d98307a320d"
  dependencies:
    babel-runtime "^6.23.0"
    falzy "^0.20.0"
    protype "^0.22.0"

doubt@^0.27.0:
  version "0.27.0"
  resolved "https://registry.yarnpkg.com/doubt/-/doubt-0.27.0.tgz#e7d33346b8e3438f9258c7b6619a71781169aaf2"
  dependencies:
    babel-runtime "^6.23.0"
    cemento "^0.16.0"
    circular-json "^0.3.1"
    falzy "^0.20.0"
    harden "^0.22.0"
    khount "^0.1.0"
    protype "^0.22.0"
    stringe "^0.4.0"
    truly "^0.19.0"

een@^0.19.0:
  version "0.19.0"
  resolved "https://registry.yarnpkg.com/een/-/een-0.19.0.tgz#58468dbdca1e29e972c5a0f9364342969f87d0d7"
  dependencies:
    babel-runtime "^6.23.0"
    doubt "^0.27.0"
    eqe "^0.3.0"
    protype "^0.22.0"
    raze "^0.30.0"
    truly "^0.19.0"

emoji-regex@^8.0.0:
  version "8.0.0"
  resolved "https://registry.yarnpkg.com/emoji-regex/-/emoji-regex-8.0.0.tgz#e818fd69ce5ccfcb404594f842963bf53164cc37"
  integrity sha512-MSjYzcWNOA0ewAHpz0MxpYFvwg6yjy1NG3xteoqz644VCo/RPgnr1/GGt+ic3iJTzQ8Eu3TdM14SawnVUmGE6A==

enyof@^0.9.0:
  version "0.9.0"
  resolved "https://registry.yarnpkg.com/enyof/-/enyof-0.9.0.tgz#b2ea493baa248878047cee07d5f4e047295b25bc"
  dependencies:
    babel-runtime "^6.23.0"
    eqe "^0.3.0"
    plough "^0.26.0"
    shft "^0.2.0"

eqe@^0.3.0:
  version "0.3.0"
  resolved "https://registry.yarnpkg.com/eqe/-/eqe-0.3.0.tgz#13caded901cc5b939e4a2c11292a315dda1eba13"
  dependencies:
    babel-runtime "^6.23.0"
    nafe "^0.3.0"
    protype "^0.22.0"
    stringe "^0.4.0"

escalade@^3.1.1:
  version "3.1.1"
  resolved "https://registry.yarnpkg.com/escalade/-/escalade-3.1.1.tgz#d8cfdc7000965c5a0174b4a82eaa5c0552742e40"
  integrity sha512-k0er2gUkLf8O0zKJiAhmkTnJlTvINGv7ygDNPbeIsX/TJjGJZHuh9B2UxbsaEkmlEo9MfhrSzmhIlhRlI2GXnw==

falzy@^0.20.0:
  version "0.20.0"
  resolved "https://registry.yarnpkg.com/falzy/-/falzy-0.20.0.tgz#3835232fb4c16702cfefd240e671381a13111de8"
  dependencies:
    babel-runtime "^6.23.0"

fname@^0.9.0:
  version "0.9.0"
  resolved "https://registry.yarnpkg.com/fname/-/fname-0.9.0.tgz#5402ca3883608ebcecfaeafb219087bcc6b5ada1"
  dependencies:
    babel-runtime "^6.23.0"
    falzy "^0.20.0"
    mtch "^0.2.0"
    nmde "^0.1.0"
    protype "^0.22.0"

fnamed@^0.9.0:
  version "0.9.0"
  resolved "https://registry.yarnpkg.com/fnamed/-/fnamed-0.9.0.tgz#62c1b89dd08eb3d67a2793081271161c81dafb27"
  dependencies:
    babel-runtime "^6.23.0"
    falzy "^0.20.0"
    fname "^0.9.0"
    protype "^0.22.0"
    truly "^0.19.0"

get-caller-file@^2.0.5:
  version "2.0.5"
  resolved "https://registry.yarnpkg.com/get-caller-file/-/get-caller-file-2.0.5.tgz#4f94412a82db32f36e3b0b9741f8a97feb031f7e"
  integrity sha512-DyFP3BM/3YHTQOCUL/w0OZHR0lpKeGrxotcHWcqNEdnltqFwXVfhEBQ94eIo34AfQpo0rGki4cyIiftY06h2Fg==

harden@^0.22.0:
  version "0.22.0"
  resolved "https://registry.yarnpkg.com/harden/-/harden-0.22.0.tgz#1bcd6cdfd8ce60726009053981b9b37875a2404b"
  dependencies:
    babel-runtime "^6.23.0"

is-fullwidth-code-point@^3.0.0:
  version "3.0.0"
  resolved "https://registry.yarnpkg.com/is-fullwidth-code-point/-/is-fullwidth-code-point-3.0.0.tgz#f116f8064fe90b3f7844a38997c0b75051269f1d"
  integrity sha512-zymm5+u+sCsSWyD9qNaejV3DFvhCKclKdizYaJUuHA83RLjb7nSuGnddCHGv0hk+KY7BMAlsWeK4Ueg6EV6XQg==

kein@^0.26.0:
  version "0.26.0"
  resolved "https://registry.yarnpkg.com/kein/-/kein-0.26.0.tgz#ff9c20c1a7be4c7c08d992a2943df8131ff435ec"
  dependencies:
    babel-runtime "^6.23.0"
    falzy "^0.20.0"
    fnamed "^0.9.0"
    portel "^0.4.0"
    protype "^0.22.0"
    zelf "^0.12.0"

khount@^0.1.0:
  version "0.1.0"
  resolved "https://registry.yarnpkg.com/khount/-/khount-0.1.0.tgz#c753b769d329f1f2f481cf6d12ed418edceb67b9"
  dependencies:
    babel-runtime "^6.23.0"

kount@^0.11.0:
  version "0.11.0"
  resolved "https://registry.yarnpkg.com/kount/-/kount-0.11.0.tgz#99775ed4a1b096e8ef5547f60d63e59f1d3e5b84"
  dependencies:
    babel-runtime "^6.23.0"

mtch@^0.2.0:
  version "0.2.0"
  resolved "https://registry.yarnpkg.com/mtch/-/mtch-0.2.0.tgz#99f3acfd8bd184080f31ce79f0da7ec4c874ba81"
  dependencies:
    babel-runtime "^6.23.0"
    falzy "^0.20.0"
    protype "^0.22.0"
    raze "^0.30.0"
    stringe "^0.4.0"
    truly "^0.19.0"
    wichevr "^0.10.0"

nafe@^0.3.0:
  version "0.3.0"
  resolved "https://registry.yarnpkg.com/nafe/-/nafe-0.3.0.tgz#a951f6254bd95cb3f3ac7057a9859fffc8672d94"
  dependencies:
    babel-runtime "^6.23.0"
    falzy "^0.20.0"
    protype "^0.22.0"
    stringe "^0.4.0"

nmde@^0.1.0:
  version "0.1.0"
  resolved "https://registry.yarnpkg.com/nmde/-/nmde-0.1.0.tgz#2fbb9eb51e78f2aacfef3114afe951f900492887"
  dependencies:
    babel-runtime "^6.23.0"
    falzy "^0.20.0"
    protype "^0.22.0"
    truly "^0.19.0"

pedon@^0.14.0:
  version "0.14.0"
  resolved "https://registry.yarnpkg.com/pedon/-/pedon-0.14.0.tgz#a0cdb36fd77538ae7280952a29756dfd8907156b"
  dependencies:
    cobralize "^0.15.0"
    harden "^0.22.0"
    protype "^0.22.0"
    shardize "^0.16.0"

plough@^0.26.0:
  version "0.26.0"
  resolved "https://registry.yarnpkg.com/plough/-/plough-0.26.0.tgz#dbd4c3987b7bb49fcbd6561f66a8b299a1bb1537"
  dependencies:
    arid "^0.26.0"
    babel-runtime "^6.23.0"
    decrease "^0.24.0"
    doubt "^0.27.0"
    raze "^0.30.0"

portel@^0.4.0:
  version "0.4.0"
  resolved "https://registry.yarnpkg.com/portel/-/portel-0.4.0.tgz#8b6a0296b752062970c9f2020ec75d1fd1f3df9f"
  dependencies:
    babel-runtime "^6.23.0"
    protype "^0.22.0"

protype@^0.22.0:
  version "0.22.0"
  resolved "https://registry.yarnpkg.com/protype/-/protype-0.22.0.tgz#b4929f8394747e031f92cfd08e9ec6ec8f6b85c1"
  dependencies:
    babel-runtime "^6.23.0"
    cemento "^0.16.0"
    harden "^0.22.0"

pyck@^0.34.0:
  version "0.34.0"
  resolved "https://registry.yarnpkg.com/pyck/-/pyck-0.34.0.tgz#e7c7ed1dac444ddc50707e29c48ab901f72a300e"
  dependencies:
    babel-runtime "^6.23.0"
    condev "^0.15.0"
    raze "^0.30.0"
    zelf "^0.12.0"

raze@^0.30.0:
  version "0.30.0"
  resolved "https://registry.yarnpkg.com/raze/-/raze-0.30.0.tgz#769ee266b0ed45132b9c501b365df0207bf1a45b"
  dependencies:
    babel-runtime "^6.23.0"
    doubt "^0.27.0"

regenerator-runtime@^0.10.0:
  version "0.10.5"
  resolved "https://registry.yarnpkg.com/regenerator-runtime/-/regenerator-runtime-0.10.5.tgz#336c3efc1220adcedda2c9fab67b5a7955a33658"

require-directory@^2.1.1:
  version "2.1.1"
  resolved "https://registry.yarnpkg.com/require-directory/-/require-directory-2.1.1.tgz#8c64ad5fd30dab1c976e2344ffe7f792a6a6df42"

shardize@^0.16.0:
  version "0.16.0"
  resolved "https://registry.yarnpkg.com/shardize/-/shardize-0.16.0.tgz#9e6e69a38281c698fae9551a4b07f46e53b374d4"
  dependencies:
    babel-runtime "^6.23.0"
    disdo "^0.15.0"
    falzy "^0.20.0"
    protype "^0.22.0"

shft@^0.2.0:
  version "0.2.0"
  resolved "https://registry.yarnpkg.com/shft/-/shft-0.2.0.tgz#f003468bccbd6ad2bba2e2ef3c34cc4c988c1272"
  dependencies:
    arid "^0.26.0"
    babel-runtime "^6.23.0"
    doubt "^0.27.0"
    protype "^0.22.0"
    raze "^0.30.0"

string-width@^4.1.0, string-width@^4.2.0:
  version "4.2.0"
  resolved "https://registry.yarnpkg.com/string-width/-/string-width-4.2.0.tgz#952182c46cc7b2c313d1596e623992bd163b72b5"
  integrity sha512-zUz5JD+tgqtuDjMhwIg5uFVV3dtqZ9yQJlZVfq4I01/K5Paj5UHj7VyrQOJvzawSVlKpObApbfD0Ed6yJc+1eg==
  dependencies:
    emoji-regex "^8.0.0"
    is-fullwidth-code-point "^3.0.0"
    strip-ansi "^6.0.0"

stringe@^0.4.0:
  version "0.4.0"
  resolved "https://registry.yarnpkg.com/stringe/-/stringe-0.4.0.tgz#15a7562633093f77b5e65903ddf89d6537e48c24"
  dependencies:
    babel-runtime "^6.23.0"

strip-ansi@^6.0.0:
  version "6.0.0"
  resolved "https://registry.yarnpkg.com/strip-ansi/-/strip-ansi-6.0.0.tgz#0b1571dd7669ccd4f3e06e14ef1eed26225ae532"
  integrity sha512-AuvKTrTfQNYNIctbR1K/YGTR1756GycPsg7b9bdV9Duqur4gv6aKqHXah67Z8ImS7WEz5QVcOtlfW2rZEugt6w==
  dependencies:
    ansi-regex "^5.0.0"

truly@^0.19.0:
  version "0.19.0"
  resolved "https://registry.yarnpkg.com/truly/-/truly-0.19.0.tgz#776080d30870549d62dcf258588287f403aa814e"
  dependencies:
    babel-runtime "^6.23.0"

wauker@^0.16.0:
  version "0.16.0"
  resolved "https://registry.yarnpkg.com/wauker/-/wauker-0.16.0.tgz#4ee7395194b7150142d5c2cae9cdef9964e5b9c7"
  dependencies:
    babel-runtime "^6.23.0"
    een "^0.19.0"
    falzy "^0.20.0"
    fname "^0.9.0"
    protype "^0.22.0"

wichevr@^0.10.0:
  version "0.10.0"
  resolved "https://registry.yarnpkg.com/wichevr/-/wichevr-0.10.0.tgz#7fafae8f62f363de4c86ac3dc9e4a5840d635e76"
  dependencies:
    babel-runtime "^6.23.0"
    raze "^0.30.0"
    truly "^0.19.0"

wrap-ansi@^7.0.0:
  version "7.0.0"
  resolved "https://registry.yarnpkg.com/wrap-ansi/-/wrap-ansi-7.0.0.tgz#67e145cff510a6a6984bdf1152911d69d2eb9e43"
  integrity sha512-YVGIj2kamLSTxw6NsZjoBxfSwsn0ycdesmc4p+Q21c5zPuZ1pl+NfxVdxPtdHvmNVOQ6XSYG4AUtyt/Fi7D16Q==
  dependencies:
    ansi-styles "^4.0.0"
    string-width "^4.1.0"
    strip-ansi "^6.0.0"

y18n@^5.0.5:
  version "5.0.5"
  resolved "https://registry.yarnpkg.com/y18n/-/y18n-5.0.5.tgz#8769ec08d03b1ea2df2500acef561743bbb9ab18"
  integrity sha512-hsRUr4FFrvhhRH12wOdfs38Gy7k2FFzB9qgN9v3aLykRq0dRcdcpz5C9FxdS2NuhOrI/628b/KSTJ3rwHysYSg==

yargs-parser@^20.2.2:
  version "20.2.4"
  resolved "https://registry.yarnpkg.com/yargs-parser/-/yargs-parser-20.2.4.tgz#b42890f14566796f85ae8e3a25290d205f154a54"
  integrity sha512-WOkpgNhPTlE73h4VFAFsOnomJVaovO8VqLDzy5saChRBFQFBoMYirowyW+Q9HB4HFF4Z7VZTiG3iSzJJA29yRA==

yargs@^16.0.0:
  version "16.1.1"
  resolved "https://registry.yarnpkg.com/yargs/-/yargs-16.1.1.tgz#5a4a095bd1ca806b0a50d0c03611d38034d219a1"
  integrity sha512-hAD1RcFP/wfgfxgMVswPE+z3tlPFtxG8/yWUrG2i17sTWGCGqWnxKcLTF4cUKDUK8fzokwsmO9H0TDkRbMHy8w==
  dependencies:
    cliui "^7.0.2"
    escalade "^3.1.1"
    get-caller-file "^2.0.5"
    require-directory "^2.1.1"
    string-width "^4.2.0"
    y18n "^5.0.5"
    yargs-parser "^20.2.2"

zelf@^0.12.0:
  version "0.12.0"
  resolved "https://registry.yarnpkg.com/zelf/-/zelf-0.12.0.tgz#39e7cfe074df5710fc156978d1f74c69342102cf"
  dependencies:
    asea "^0.14.0"
    babel-runtime "^6.23.0"
